
Microsoft Visual Studio Solution File, Format Version 12.00
# Visual Studio Version 16
VisualStudioVersion = 16.0.31112.23
MinimumVisualStudioVersion = 10.0.40219.1
Project("{8BC9CEB8-8B4A-11D0-8D11-00A0C91BC942}") = "TrackIRMouse", "TrackIRMouse.vcxproj", "{CB6A24BF-D0F1-4B0D-8B12-8BD12B49C754}"
EndProject
Global
	GlobalSection(SolutionConfigurationPlatforms) = preSolution
		Debug|x64 = Debug|x64
		Debug|x86 = Debug|x86
		DebugAndLaunch|x64 = DebugAndLaunch|x64
		DebugAndLaunch|x86 = DebugAndLaunch|x86
		Release|x64 = Release|x64
		Release|x86 = Release|x86
		ReleaseNonAdmin|x64 = ReleaseNonAdmin|x64
		ReleaseNonAdmin|x86 = ReleaseNonAdmin|x86
	EndGlobalSection
	GlobalSection(ProjectConfigurationPlatforms) = postSolution
		{CB6A24BF-D0F1-4B0D-8B12-8BD12B49C754}.Debug|x64.ActiveCfg = Debug|x64
		{CB6A24BF-D0F1-4B0D-8B12-8BD12B49C754}.Debug|x64.Build.0 = Debug|x64
		{CB6A24BF-D0F1-4B0D-8B12-8BD12B49C754}.Debug|x86.ActiveCfg = Debug|Win32
		{CB6A24BF-D0F1-4B0D-8B12-8BD12B49C754}.Debug|x86.Build.0 = Debug|Win32
		{CB6A24BF-D0F1-4B0D-8B12-8BD12B49C754}.DebugAndLaunch|x64.ActiveCfg = DebugAndLaunch|x64
		{CB6A24BF-D0F1-4B0D-8B12-8BD12B49C754}.DebugAndLaunch|x64.Build.0 = DebugAndLaunch|x64
		{CB6A24BF-D0F1-4B0D-8B12-8BD12B49C754}.DebugAndLaunch|x86.ActiveCfg = DebugAndLaunch|Win32
		{CB6A24BF-D0F1-4B0D-8B12-8BD12B49C754}.DebugAndLaunch|x86.Build.0 = DebugAndLaunch|Win32
		{CB6A24BF-D0F1-4B0D-8B12-8BD12B49C754}.Release|x64.ActiveCfg = Release|x64
		{CB6A24BF-D0F1-4B0D-8B12-8BD12B49C754}.Release|x64.Build.0 = Release|x64
		{CB6A24BF-D0F1-4B0D-8B12-8BD12B49C754}.Release|x86.ActiveCfg = Release|Win32
		{CB6A24BF-D0F1-4B0D-8B12-8BD12B49C754}.Release|x86.Build.0 = Release|Win32
		{CB6A24BF-D0F1-4B0D-8B12-8BD12B49C754}.ReleaseNonAdmin|x64.ActiveCfg = ReleaseNonAdmin|x64
		{CB6A24BF-D0F1-4B0D-8B12-8BD12B49C754}.ReleaseNonAdmin|x64.Build.0 = ReleaseNonAdmin|x64
		{CB6A24BF-D0F1-4B0D-8B12-8BD12B49C754}.ReleaseNonAdmin|x86.ActiveCfg = ReleaseNonAdmin|Win32
		{CB6A24BF-D0F1-4B0D-8B12-8BD12B49C754}.ReleaseNonAdmin|x86.Build.0 = ReleaseNonAdmin|Win32
	EndGlobalSection
	GlobalSection(SolutionProperties) = preSolution
		HideSolutionNode = FALSE
	EndGlobalSection
	GlobalSection(ExtensibilityGlobals) = postSolution
		SolutionGuid = {168B3A52-16C7-400D-8183-0CA35BDD9CE2}
	EndGlobalSection
EndGlobal
